# This file is automatically @generated by Poetry 1.5.1 and should not be changed by hand.

[[package]]
name = "maturin"
version = "1.1.0"
description = "Build and publish crates with pyo3, rust-cpython and cffi bindings as well as rust binaries as python packages"
optional = false
python-versions = ">=3.7"
files = [
    {file = "maturin-1.1.0-py3-none-linux_armv6l.whl", hash = "sha256:eb04f3473b9f283eba51a5dc20dc0bab6f8741048c1bbc5e45f39cc29ad69aa6"},
    {file = "maturin-1.1.0-py3-none-macosx_10_7_x86_64.whl", hash = "sha256:eee3c9b2cd80adee6938ea1828882795e261a7fc6b5ebaed15003ed4d713adaa"},
    {file = "maturin-1.1.0-py3-none-macosx_10_9_x86_64.macosx_11_0_arm64.macosx_10_9_universal2.whl", hash = "sha256:9042ea6538529e22954c0a4eefbe55026a9eba45484423882dd8eb97854b29dd"},
    {file = "maturin-1.1.0-py3-none-manylinux_2_12_i686.manylinux2010_i686.musllinux_1_1_i686.whl", hash = "sha256:4252241c196abf0ede0088e38bc3c181fe0bf073a974d6594493f3ae7232545c"},
    {file = "maturin-1.1.0-py3-none-manylinux_2_12_x86_64.manylinux2010_x86_64.musllinux_1_1_x86_64.whl", hash = "sha256:6f63dc6f9dba2081346f0ff40019e67a72eb20af7ee4847dc21174dd3636a981"},
    {file = "maturin-1.1.0-py3-none-manylinux_2_17_aarch64.manylinux2014_aarch64.musllinux_1_1_aarch64.whl", hash = "sha256:c0fecd5ae4f8bad703ee648873d837e3bd6eb846f48ff8607bfb0556a2010adc"},
    {file = "maturin-1.1.0-py3-none-manylinux_2_17_armv7l.manylinux2014_armv7l.musllinux_1_1_armv7l.whl", hash = "sha256:19332aa0830f23813e461f61e4d2b7d0c6f8ec84c335040232aafea3f068ac31"},
    {file = "maturin-1.1.0-py3-none-manylinux_2_17_ppc64le.manylinux2014_ppc64le.musllinux_1_1_ppc64le.whl", hash = "sha256:3f6f1e8e970f7728c26eeb55b4c38103f2c5d830b9df4c12fd00903eef7a4114"},
    {file = "maturin-1.1.0-py3-none-manylinux_2_17_s390x.manylinux2014_s390x.whl", hash = "sha256:7a2398df2d2f5ba4970ac7f670108e7c7e2da39185caf9b9f9e67d14ae4315e2"},
    {file = "maturin-1.1.0-py3-none-win32.whl", hash = "sha256:32e95212e6b334caf68d278bcc5137dde020a8e84095c2728d9b08d2311e5d64"},
    {file = "maturin-1.1.0-py3-none-win_amd64.whl", hash = "sha256:47705b6c5b5ec9d883f6b4fb6ae2480a07a77aabbfbc658d6327c9d6cd74c7cf"},
    {file = "maturin-1.1.0-py3-none-win_arm64.whl", hash = "sha256:a36efcca897b356deee56c7a3c399c595201518a892ec0f20f0f20abb3064ccb"},
    {file = "maturin-1.1.0.tar.gz", hash = "sha256:4650aeaa8debd004b55aae7afb75248cbd4d61cd7da2dcf4ead8b22b58cecae0"},
]

[package.dependencies]
tomli = {version = ">=1.1.0", markers = "python_version < \"3.11\""}

[package.extras]
patchelf = ["patchelf"]
zig = ["ziglang (>=0.10.0,<0.11.0)"]

[[package]]
name = "tomli"
version = "2.0.1"
description = "A lil' TOML parser"
optional = false
python-versions = ">=3.7"
files = [
    {file = "tomli-2.0.1-py3-none-any.whl", hash = "sha256:939de3e7a6161af0c887ef91b7d41a53e7c5a1ca976325f429cb46ea9bc30ecc"},
    {file = "tomli-2.0.1.tar.gz", hash = "sha256:de526c12914f0c550d15924c62d72abc48d6fe7364aa87328337a31007fe8a4f"},
]

[metadata]
lock-version = "2.0"
python-versions = "^3.8"
content-hash = "bde71d7575caa3ea9397936606044215e6d9904a51d0fbca24f3ac47e678aed0"
